
Microsoft Visual Studio Solution File, Format Version 12.00
# Visual Studio Version 17
VisualStudioVersion = 17.6.33723.286
MinimumVisualStudioVersion = 10.0.40219.1
Project("{9A19103F-16F7-4668-BE54-9A1E7A4F7556}") = "OrderService", "OrderService\OrderService.csproj", "{485FBC2D-28B3-48FB-B40B-012168A27F1D}"
EndProject
Project("{9A19103F-16F7-4668-BE54-9A1E7A4F7556}") = "CheckoutService", "CheckoutService\CheckoutService.csproj", "{871FC928-7396-4A1A-9048-917F82B8D3E1}"
	ProjectSection(ProjectDependencies) = postProject
		{9FCA751E-596A-45EE-8CA3-0549CE724CA8} = {9FCA751E-596A-45EE-8CA3-0549CE724CA8}
	EndProjectSection
EndProject
Project("{9A19103F-16F7-4668-BE54-9A1E7A4F7556}") = "Commons", "Commons\Commons.csproj", "{9FCA751E-596A-45EE-8CA3-0549CE724CA8}"
EndProject
Project("{9A19103F-16F7-4668-BE54-9A1E7A4F7556}") = "NotificationService", "NotificationService\NotificationService.csproj", "{C7A9FEE1-8D21-4A2B-8048-A1E0ED5E6406}"
EndProject
Project("{9A19103F-16F7-4668-BE54-9A1E7A4F7556}") = "CustomerService", "CustomerService\CustomerService.csproj", "{0C10892F-26B1-4921-9ED0-4F7B6A8F9C4F}"
EndProject
Project("{9A19103F-16F7-4668-BE54-9A1E7A4F7556}") = "DiscountService", "DiscountService\DiscountService.csproj", "{F516D925-3206-4322-B3EF-9385BDE81D5F}"
EndProject
Project("{9A19103F-16F7-4668-BE54-9A1E7A4F7556}") = "OfferingService", "OfferingService\OfferingService.csproj", "{6AA0B40B-310D-4C7F-BCC4-5EF445A06AAA}"
EndProject
Project("{FAE04EC0-301F-11D3-BF4B-00C04F79EFBC}") = "GiftCardService", "GiftCardService\GiftCardService.csproj", "{8B5C98E4-CA3B-4715-8B59-D6E07629F172}"
EndProject
Project("{FAE04EC0-301F-11D3-BF4B-00C04F79EFBC}") = "AuthenticationService", "AuthenticationService\AuthenticationService.csproj", "{EA939F05-0ECE-4A2A-B28C-E004229A4A5C}"
EndProject
Global
	GlobalSection(SolutionConfigurationPlatforms) = preSolution
		Debug|Any CPU = Debug|Any CPU
		Release|Any CPU = Release|Any CPU
	EndGlobalSection
	GlobalSection(ProjectConfigurationPlatforms) = postSolution
		{485FBC2D-28B3-48FB-B40B-012168A27F1D}.Debug|Any CPU.ActiveCfg = Debug|Any CPU
		{485FBC2D-28B3-48FB-B40B-012168A27F1D}.Debug|Any CPU.Build.0 = Debug|Any CPU
		{485FBC2D-28B3-48FB-B40B-012168A27F1D}.Release|Any CPU.ActiveCfg = Release|Any CPU
		{485FBC2D-28B3-48FB-B40B-012168A27F1D}.Release|Any CPU.Build.0 = Release|Any CPU
		{871FC928-7396-4A1A-9048-917F82B8D3E1}.Debug|Any CPU.ActiveCfg = Debug|Any CPU
		{871FC928-7396-4A1A-9048-917F82B8D3E1}.Debug|Any CPU.Build.0 = Debug|Any CPU
		{871FC928-7396-4A1A-9048-917F82B8D3E1}.Release|Any CPU.ActiveCfg = Release|Any CPU
		{871FC928-7396-4A1A-9048-917F82B8D3E1}.Release|Any CPU.Build.0 = Release|Any CPU
		{9FCA751E-596A-45EE-8CA3-0549CE724CA8}.Debug|Any CPU.ActiveCfg = Debug|Any CPU
		{9FCA751E-596A-45EE-8CA3-0549CE724CA8}.Debug|Any CPU.Build.0 = Debug|Any CPU
		{9FCA751E-596A-45EE-8CA3-0549CE724CA8}.Release|Any CPU.ActiveCfg = Release|Any CPU
		{9FCA751E-596A-45EE-8CA3-0549CE724CA8}.Release|Any CPU.Build.0 = Release|Any CPU
		{C7A9FEE1-8D21-4A2B-8048-A1E0ED5E6406}.Debug|Any CPU.ActiveCfg = Debug|Any CPU
		{C7A9FEE1-8D21-4A2B-8048-A1E0ED5E6406}.Debug|Any CPU.Build.0 = Debug|Any CPU
		{C7A9FEE1-8D21-4A2B-8048-A1E0ED5E6406}.Release|Any CPU.ActiveCfg = Release|Any CPU
		{C7A9FEE1-8D21-4A2B-8048-A1E0ED5E6406}.Release|Any CPU.Build.0 = Release|Any CPU
		{0C10892F-26B1-4921-9ED0-4F7B6A8F9C4F}.Debug|Any CPU.ActiveCfg = Debug|Any CPU
		{0C10892F-26B1-4921-9ED0-4F7B6A8F9C4F}.Debug|Any CPU.Build.0 = Debug|Any CPU
		{0C10892F-26B1-4921-9ED0-4F7B6A8F9C4F}.Release|Any CPU.ActiveCfg = Release|Any CPU
		{0C10892F-26B1-4921-9ED0-4F7B6A8F9C4F}.Release|Any CPU.Build.0 = Release|Any CPU
		{F516D925-3206-4322-B3EF-9385BDE81D5F}.Debug|Any CPU.ActiveCfg = Debug|Any CPU
		{F516D925-3206-4322-B3EF-9385BDE81D5F}.Debug|Any CPU.Build.0 = Debug|Any CPU
		{F516D925-3206-4322-B3EF-9385BDE81D5F}.Release|Any CPU.ActiveCfg = Release|Any CPU
		{F516D925-3206-4322-B3EF-9385BDE81D5F}.Release|Any CPU.Build.0 = Release|Any CPU
		{6AA0B40B-310D-4C7F-BCC4-5EF445A06AAA}.Debug|Any CPU.ActiveCfg = Debug|Any CPU
		{6AA0B40B-310D-4C7F-BCC4-5EF445A06AAA}.Debug|Any CPU.Build.0 = Debug|Any CPU
		{6AA0B40B-310D-4C7F-BCC4-5EF445A06AAA}.Release|Any CPU.ActiveCfg = Release|Any CPU
		{6AA0B40B-310D-4C7F-BCC4-5EF445A06AAA}.Release|Any CPU.Build.0 = Release|Any CPU
		{8B5C98E4-CA3B-4715-8B59-D6E07629F172}.Debug|Any CPU.ActiveCfg = Debug|Any CPU
		{8B5C98E4-CA3B-4715-8B59-D6E07629F172}.Debug|Any CPU.Build.0 = Debug|Any CPU
		{8B5C98E4-CA3B-4715-8B59-D6E07629F172}.Release|Any CPU.ActiveCfg = Release|Any CPU
		{8B5C98E4-CA3B-4715-8B59-D6E07629F172}.Release|Any CPU.Build.0 = Release|Any CPU
		{EA939F05-0ECE-4A2A-B28C-E004229A4A5C}.Debug|Any CPU.ActiveCfg = Debug|Any CPU
		{EA939F05-0ECE-4A2A-B28C-E004229A4A5C}.Debug|Any CPU.Build.0 = Debug|Any CPU
		{EA939F05-0ECE-4A2A-B28C-E004229A4A5C}.Release|Any CPU.ActiveCfg = Release|Any CPU
		{EA939F05-0ECE-4A2A-B28C-E004229A4A5C}.Release|Any CPU.Build.0 = Release|Any CPU
	EndGlobalSection
	GlobalSection(SolutionProperties) = preSolution
		HideSolutionNode = FALSE
	EndGlobalSection
	GlobalSection(ExtensibilityGlobals) = postSolution
		SolutionGuid = {5EB1AF13-ACFF-429C-8A56-4A363798FD0B}
	EndGlobalSection
EndGlobal
